
Microsoft Visual Studio Solution File, Format Version 12.00
# Visual Studio Version 17
VisualStudioVersion = 17.7.34202.233
MinimumVisualStudioVersion = 10.0.40219.1
Project("{8BC9CEB8-8B4A-11D0-8D11-00A0C91BC942}") = "Chapter11-1437-001", "Chapter11-1437-001\Chapter11-1437-001.vcxproj", "{64035307-9A22-43C4-8F33-BD3A069BCC5D}"
EndProject
Global
	GlobalSection(SolutionConfigurationPlatforms) = preSolution
		Debug|x64 = Debug|x64
		Debug|x86 = Debug|x86
		Release|x64 = Release|x64
		Release|x86 = Release|x86
	EndGlobalSection
	GlobalSection(ProjectConfigurationPlatforms) = postSolution
		{64035307-9A22-43C4-8F33-BD3A069BCC5D}.Debug|x64.ActiveCfg = Debug|x64
		{64035307-9A22-43C4-8F33-BD3A069BCC5D}.Debug|x64.Build.0 = Debug|x64
		{64035307-9A22-43C4-8F33-BD3A069BCC5D}.Debug|x86.ActiveCfg = Debug|Win32
		{64035307-9A22-43C4-8F33-BD3A069BCC5D}.Debug|x86.Build.0 = Debug|Win32
		{64035307-9A22-43C4-8F33-BD3A069BCC5D}.Release|x64.ActiveCfg = Release|x64
		{64035307-9A22-43C4-8F33-BD3A069BCC5D}.Release|x64.Build.0 = Release|x64
		{64035307-9A22-43C4-8F33-BD3A069BCC5D}.Release|x86.ActiveCfg = Release|Win32
		{64035307-9A22-43C4-8F33-BD3A069BCC5D}.Release|x86.Build.0 = Release|Win32
	EndGlobalSection
	GlobalSection(SolutionProperties) = preSolution
		HideSolutionNode = FALSE
	EndGlobalSection
	GlobalSection(ExtensibilityGlobals) = postSolution
		SolutionGuid = {34FCF262-C1D4-4710-9D81-5A0D60441E76}
	EndGlobalSection
EndGlobal
